
Microsoft Visual Studio Solution File, Format Version 12.00
# Visual Studio Version 17
VisualStudioVersion = 17.7.34031.279
MinimumVisualStudioVersion = 10.0.40219.1
Project("{FAE04EC0-301F-11D3-BF4B-00C04F79EFBC}") = "Methodtask1", "Methodtask1\Methodtask1.csproj", "{F980333B-3D90-4803-B3EE-8FF60F13BC59}"
EndProject
Global
	GlobalSection(SolutionConfigurationPlatforms) = preSolution
		Debug|Any CPU = Debug|Any CPU
		Release|Any CPU = Release|Any CPU
	EndGlobalSection
	GlobalSection(ProjectConfigurationPlatforms) = postSolution
		{F980333B-3D90-4803-B3EE-8FF60F13BC59}.Debug|Any CPU.ActiveCfg = Debug|Any CPU
		{F980333B-3D90-4803-B3EE-8FF60F13BC59}.Debug|Any CPU.Build.0 = Debug|Any CPU
		{F980333B-3D90-4803-B3EE-8FF60F13BC59}.Release|Any CPU.ActiveCfg = Release|Any CPU
		{F980333B-3D90-4803-B3EE-8FF60F13BC59}.Release|Any CPU.Build.0 = Release|Any CPU
	EndGlobalSection
	GlobalSection(SolutionProperties) = preSolution
		HideSolutionNode = FALSE
	EndGlobalSection
	GlobalSection(ExtensibilityGlobals) = postSolution
		SolutionGuid = {FEFF6116-F330-49C2-A80B-10ADB4699048}
	EndGlobalSection
EndGlobal
